
Microsoft Visual Studio Solution File, Format Version 12.00
# Visual Studio Version 16
VisualStudioVersion = 16.0.810.7
MinimumVisualStudioVersion = 10.0.40219.1
Project("{FAE04EC0-301F-11D3-BF4B-00C04F79EFBC}") = "plain-weather", "plain-weather\plain-weather.csproj", "{6A968D5C-DB9B-424F-A39A-676F1C85A7D0}"
EndProject
Global
	GlobalSection(SolutionConfigurationPlatforms) = preSolution
		Debug|Any CPU = Debug|Any CPU
		Release|Any CPU = Release|Any CPU
	EndGlobalSection
	GlobalSection(ProjectConfigurationPlatforms) = postSolution
		{6A968D5C-DB9B-424F-A39A-676F1C85A7D0}.Debug|Any CPU.ActiveCfg = Debug|Any CPU
		{6A968D5C-DB9B-424F-A39A-676F1C85A7D0}.Debug|Any CPU.Build.0 = Debug|Any CPU
		{6A968D5C-DB9B-424F-A39A-676F1C85A7D0}.Release|Any CPU.ActiveCfg = Release|Any CPU
		{6A968D5C-DB9B-424F-A39A-676F1C85A7D0}.Release|Any CPU.Build.0 = Release|Any CPU
	EndGlobalSection
	GlobalSection(SolutionProperties) = preSolution
		HideSolutionNode = FALSE
	EndGlobalSection
	GlobalSection(ExtensibilityGlobals) = postSolution
		SolutionGuid = {D118F6C2-309A-4F60-8C1A-29FDEDD19809}
	EndGlobalSection
	GlobalSection(MonoDevelopProperties) = preSolution
		Policies = $0
		$0.DotNetNamingPolicy = $1
		$1.DirectoryNamespaceAssociation = PrefixedHierarchical
	EndGlobalSection
EndGlobal
